<Solution>
  <Folder Name="/src/">
    <Project Path="src/Compositor.Cli/Compositor.Cli.csproj" />
    <Project Path="src/Compositor.Core/Compositor.Core.csproj" />
    <Project Path="src/Compositor.Desktop/Compositor.Desktop.csproj" />
  </Folder>
  <Folder Name="/tests/">
    <Project Path="tests/Compositor.Core.Tests/Compositor.Core.Tests.csproj" />
    <Project Path="tests/Compositor.Desktop.Tests/Compositor.Desktop.Tests.csproj" />
  </Folder>
</Solution>
